
Microsoft Visual Studio Solution File, Format Version 12.00
# Visual Studio Version 17
VisualStudioVersion = 17.9.34902.65
MinimumVisualStudioVersion = 10.0.40219.1
Project("{FAE04EC0-301F-11D3-BF4B-00C04F79EFBC}") = "AprofundandoFunções", "AprofundandoFunções\AprofundandoFunções.csproj", "{19899920-CFC8-49A0-BBF1-F47C844C800F}"
EndProject
Global
	GlobalSection(SolutionConfigurationPlatforms) = preSolution
		Debug|Any CPU = Debug|Any CPU
		Release|Any CPU = Release|Any CPU
	EndGlobalSection
	GlobalSection(ProjectConfigurationPlatforms) = postSolution
		{19899920-CFC8-49A0-BBF1-F47C844C800F}.Debug|Any CPU.ActiveCfg = Debug|Any CPU
		{19899920-CFC8-49A0-BBF1-F47C844C800F}.Debug|Any CPU.Build.0 = Debug|Any CPU
		{19899920-CFC8-49A0-BBF1-F47C844C800F}.Release|Any CPU.ActiveCfg = Release|Any CPU
		{19899920-CFC8-49A0-BBF1-F47C844C800F}.Release|Any CPU.Build.0 = Release|Any CPU
	EndGlobalSection
	GlobalSection(SolutionProperties) = preSolution
		HideSolutionNode = FALSE
	EndGlobalSection
	GlobalSection(ExtensibilityGlobals) = postSolution
		SolutionGuid = {1B339946-9562-4BF4-87F0-889AA808B82D}
	EndGlobalSection
EndGlobal
