
Microsoft Visual Studio Solution File, Format Version 12.00
# Visual Studio Version 17
VisualStudioVersion = 17.9.34902.65
MinimumVisualStudioVersion = 10.0.40219.1
Project("{FAE04EC0-301F-11D3-BF4B-00C04F79EFBC}") = "Curso C#", "Curso C#\Curso C#.csproj", "{0821E660-DE5D-4B6A-AFB5-68092C0CDA55}"
EndProject
Global
	GlobalSection(SolutionConfigurationPlatforms) = preSolution
		Debug|Any CPU = Debug|Any CPU
		Release|Any CPU = Release|Any CPU
	EndGlobalSection
	GlobalSection(ProjectConfigurationPlatforms) = postSolution
		{0821E660-DE5D-4B6A-AFB5-68092C0CDA55}.Debug|Any CPU.ActiveCfg = Debug|Any CPU
		{0821E660-DE5D-4B6A-AFB5-68092C0CDA55}.Debug|Any CPU.Build.0 = Debug|Any CPU
		{0821E660-DE5D-4B6A-AFB5-68092C0CDA55}.Release|Any CPU.ActiveCfg = Release|Any CPU
		{0821E660-DE5D-4B6A-AFB5-68092C0CDA55}.Release|Any CPU.Build.0 = Release|Any CPU
	EndGlobalSection
	GlobalSection(SolutionProperties) = preSolution
		HideSolutionNode = FALSE
	EndGlobalSection
	GlobalSection(ExtensibilityGlobals) = postSolution
		SolutionGuid = {50A77E9C-4AB8-4D92-BD4B-36FE0960C4DF}
	EndGlobalSection
EndGlobal
