
Microsoft Visual Studio Solution File, Format Version 12.00
# Visual Studio Version 17
VisualStudioVersion = 17.9.34902.65
MinimumVisualStudioVersion = 10.0.40219.1
Project("{FAE04EC0-301F-11D3-BF4B-00C04F79EFBC}") = "ConsoleApp1", "ConsoleApp1\ConsoleApp1.csproj", "{B50A49A1-F3AD-4E35-B62D-97FFD422E01D}"
EndProject
Global
	GlobalSection(SolutionConfigurationPlatforms) = preSolution
		Debug|Any CPU = Debug|Any CPU
		Release|Any CPU = Release|Any CPU
	EndGlobalSection
	GlobalSection(ProjectConfigurationPlatforms) = postSolution
		{B50A49A1-F3AD-4E35-B62D-97FFD422E01D}.Debug|Any CPU.ActiveCfg = Debug|Any CPU
		{B50A49A1-F3AD-4E35-B62D-97FFD422E01D}.Debug|Any CPU.Build.0 = Debug|Any CPU
		{B50A49A1-F3AD-4E35-B62D-97FFD422E01D}.Release|Any CPU.ActiveCfg = Release|Any CPU
		{B50A49A1-F3AD-4E35-B62D-97FFD422E01D}.Release|Any CPU.Build.0 = Release|Any CPU
	EndGlobalSection
	GlobalSection(SolutionProperties) = preSolution
		HideSolutionNode = FALSE
	EndGlobalSection
	GlobalSection(ExtensibilityGlobals) = postSolution
		SolutionGuid = {8CB9F8F7-D4FE-433A-885F-F49215759D9A}
	EndGlobalSection
EndGlobal
