
Microsoft Visual Studio Solution File, Format Version 12.00
# Visual Studio Version 17
VisualStudioVersion = 17.9.34902.65
MinimumVisualStudioVersion = 10.0.40219.1
Project("{FAE04EC0-301F-11D3-BF4B-00C04F79EFBC}") = "GeradorDeSenhas", "GeradorDeSenhas\GeradorDeSenhas.csproj", "{381F3432-8B2C-460B-977D-D99AAFBC0C8B}"
EndProject
Global
	GlobalSection(SolutionConfigurationPlatforms) = preSolution
		Debug|Any CPU = Debug|Any CPU
		Release|Any CPU = Release|Any CPU
	EndGlobalSection
	GlobalSection(ProjectConfigurationPlatforms) = postSolution
		{381F3432-8B2C-460B-977D-D99AAFBC0C8B}.Debug|Any CPU.ActiveCfg = Debug|Any CPU
		{381F3432-8B2C-460B-977D-D99AAFBC0C8B}.Debug|Any CPU.Build.0 = Debug|Any CPU
		{381F3432-8B2C-460B-977D-D99AAFBC0C8B}.Release|Any CPU.ActiveCfg = Release|Any CPU
		{381F3432-8B2C-460B-977D-D99AAFBC0C8B}.Release|Any CPU.Build.0 = Release|Any CPU
	EndGlobalSection
	GlobalSection(SolutionProperties) = preSolution
		HideSolutionNode = FALSE
	EndGlobalSection
	GlobalSection(ExtensibilityGlobals) = postSolution
		SolutionGuid = {5DEE397D-FC67-48A1-9CFC-AC46DE0AE2B3}
	EndGlobalSection
EndGlobal
