
Microsoft Visual Studio Solution File, Format Version 12.00
# Visual Studio Version 17
VisualStudioVersion = 17.10.34928.147
MinimumVisualStudioVersion = 10.0.40219.1
Project("{FAE04EC0-301F-11D3-BF4B-00C04F79EFBC}") = "Finalizando Curso", "Finalizando Curso\Finalizando Curso.csproj", "{AF1E96FA-B518-4D3B-A49B-CDC6B89064F5}"
EndProject
Global
	GlobalSection(SolutionConfigurationPlatforms) = preSolution
		Debug|Any CPU = Debug|Any CPU
		Release|Any CPU = Release|Any CPU
	EndGlobalSection
	GlobalSection(ProjectConfigurationPlatforms) = postSolution
		{AF1E96FA-B518-4D3B-A49B-CDC6B89064F5}.Debug|Any CPU.ActiveCfg = Debug|Any CPU
		{AF1E96FA-B518-4D3B-A49B-CDC6B89064F5}.Debug|Any CPU.Build.0 = Debug|Any CPU
		{AF1E96FA-B518-4D3B-A49B-CDC6B89064F5}.Release|Any CPU.ActiveCfg = Release|Any CPU
		{AF1E96FA-B518-4D3B-A49B-CDC6B89064F5}.Release|Any CPU.Build.0 = Release|Any CPU
	EndGlobalSection
	GlobalSection(SolutionProperties) = preSolution
		HideSolutionNode = FALSE
	EndGlobalSection
	GlobalSection(ExtensibilityGlobals) = postSolution
		SolutionGuid = {13AA120C-0568-44E8-A4E2-022CFF2F0584}
	EndGlobalSection
EndGlobal
