
Microsoft Visual Studio Solution File, Format Version 12.00
# Visual Studio Version 17
VisualStudioVersion = 17.9.34902.65
MinimumVisualStudioVersion = 10.0.40219.1
Project("{FAE04EC0-301F-11D3-BF4B-00C04F79EFBC}") = "Calculadora", "Calculadora\Calculadora.csproj", "{3E95FB20-82D8-4614-9234-8054664068D0}"
EndProject
Global
	GlobalSection(SolutionConfigurationPlatforms) = preSolution
		Debug|Any CPU = Debug|Any CPU
		Release|Any CPU = Release|Any CPU
	EndGlobalSection
	GlobalSection(ProjectConfigurationPlatforms) = postSolution
		{3E95FB20-82D8-4614-9234-8054664068D0}.Debug|Any CPU.ActiveCfg = Debug|Any CPU
		{3E95FB20-82D8-4614-9234-8054664068D0}.Debug|Any CPU.Build.0 = Debug|Any CPU
		{3E95FB20-82D8-4614-9234-8054664068D0}.Release|Any CPU.ActiveCfg = Release|Any CPU
		{3E95FB20-82D8-4614-9234-8054664068D0}.Release|Any CPU.Build.0 = Release|Any CPU
	EndGlobalSection
	GlobalSection(SolutionProperties) = preSolution
		HideSolutionNode = FALSE
	EndGlobalSection
	GlobalSection(ExtensibilityGlobals) = postSolution
		SolutionGuid = {0E29C5CC-1DC3-48F9-8FF2-209F9D00F329}
	EndGlobalSection
EndGlobal
